{
  "name": "lex-cli",
  "version": "1.0.0",
  "lockfileVersion": 1,
  "requires": true,
  "dependencies": {
    "@types/color-name": {
      "version": "1.1.1",
      "resolved": "http://192.168.20.8:802/@types%2fcolor-name/-/color-name-1.1.1.tgz",
      "integrity": "sha1-HBJhu+qhCoBVu8XYq4S3sq/IRqA="
    },
    "ansi-escapes": {
      "version": "4.3.1",
      "resolved": "http://192.168.20.8:802/ansi-escapes/-/ansi-escapes-4.3.1.tgz",
      "integrity": "sha1-pcR8xDGB8fOP/XB2g3cA05VSKmE=",
      "requires": {
        "type-fest": "^0.11.0"
      }
    },
    "ansi-regex": {
      "version": "5.0.0",
      "resolved": "http://192.168.20.8:802/ansi-regex/-/ansi-regex-5.0.0.tgz",
      "integrity": "sha1-OIU59VF5vzkznIGvMKZU1p+Hy3U="
    },
    "ansi-styles": {
      "version": "4.2.1",
      "resolved": "http://192.168.20.8:802/ansi-styles/-/ansi-styles-4.2.1.tgz",
      "integrity": "sha1-kK51xCTQCNJiTFvynq0xd+v881k=",
      "requires": {
        "@types/color-name": "^1.1.1",
        "color-convert": "^2.0.1"
      }
    },
    "chalk": {
      "version": "3.0.0",
      "resolved": "http://192.168.20.8:802/chalk/-/chalk-3.0.0.tgz",
      "integrity": "sha1-P3PCv1JlkfV0zEksUeJFY0n4ROQ=",
      "requires": {
        "ansi-styles": "^4.1.0",
        "supports-color": "^7.1.0"
      }
    },
    "chardet": {
      "version": "0.7.0",
      "resolved": "http://192.168.20.8:802/chardet/-/chardet-0.7.0.tgz",
      "integrity": "sha512-mT8iDcrh03qDGRRmoA2hmBJnxpllMR+0/0qlzjqZES6NdiWDcZkCNAk4rPFZ9Q85r27unkiNNg8ZOiwZXBHwcA=="
    },
    "cli-cursor": {
      "version": "3.1.0",
      "resolved": "http://192.168.20.8:802/cli-cursor/-/cli-cursor-3.1.0.tgz",
      "integrity": "sha512-I/zHAwsKf9FqGoXM4WWRACob9+SNukZTd94DWF57E4toouRulbCxcUh6RKUEOQlYTHJnzkPMySvPNaaSLNfLZw==",
      "requires": {
        "restore-cursor": "^3.1.0"
      }
    },
    "cli-width": {
      "version": "2.2.1",
      "resolved": "http://192.168.20.8:802/cli-width/-/cli-width-2.2.1.tgz",
      "integrity": "sha1-sEM9C06chH7xiGik7xb9X8gnHEg="
    },
    "color-convert": {
      "version": "2.0.1",
      "resolved": "http://192.168.20.8:802/color-convert/-/color-convert-2.0.1.tgz",
      "integrity": "sha512-RRECPsj7iu/xb5oKYcsFHSppFNnsj/52OVTRKb4zP5onXwVF3zVmmToNcOfGC+CRDpfK/U584fMg38ZHCaElKQ==",
      "requires": {
        "color-name": "~1.1.4"
      }
    },
    "color-name": {
      "version": "1.1.4",
      "resolved": "http://192.168.20.8:802/color-name/-/color-name-1.1.4.tgz",
      "integrity": "sha512-dOy+3AuW3a2wNbZHIuMZpTcgjGuLU/uBL/ubcZF9OXbDo8ff4O8yVp5Bf0efS8uEoYo5q4Fx7dY9OgQGXgAsQA=="
    },
    "commander": {
      "version": "5.0.0",
      "resolved": "http://192.168.20.8:802/commander/-/commander-5.0.0.tgz",
      "integrity": "sha1-2/GQm0nlBE+P2vCtyAnwwHIr39A="
    },
    "emoji-regex": {
      "version": "8.0.0",
      "resolved": "http://192.168.20.8:802/emoji-regex/-/emoji-regex-8.0.0.tgz",
      "integrity": "sha512-MSjYzcWNOA0ewAHpz0MxpYFvwg6yjy1NG3xteoqz644VCo/RPgnr1/GGt+ic3iJTzQ8Eu3TdM14SawnVUmGE6A=="
    },
    "escape-string-regexp": {
      "version": "1.0.5",
      "resolved": "http://192.168.20.8:802/escape-string-regexp/-/escape-string-regexp-1.0.5.tgz",
      "integrity": "sha1-G2HAViGQqN/2rjuyzwIAyhMLhtQ="
    },
    "external-editor": {
      "version": "3.1.0",
      "resolved": "http://192.168.20.8:802/external-editor/-/external-editor-3.1.0.tgz",
      "integrity": "sha512-hMQ4CX1p1izmuLYyZqLMO/qGNw10wSv9QDCPfzXfyFrOaCSSoRfqE1Kf1s5an66J5JZC62NewG+mK49jOCtQew==",
      "requires": {
        "chardet": "^0.7.0",
        "iconv-lite": "^0.4.24",
        "tmp": "^0.0.33"
      }
    },
    "figures": {
      "version": "3.2.0",
      "resolved": "http://192.168.20.8:802/figures/-/figures-3.2.0.tgz",
      "integrity": "sha1-YlwYvSk8YE3EqN2y/r8MiDQXRq8=",
      "requires": {
        "escape-string-regexp": "^1.0.5"
      }
    },
    "has-flag": {
      "version": "4.0.0",
      "resolved": "http://192.168.20.8:802/has-flag/-/has-flag-4.0.0.tgz",
      "integrity": "sha512-EykJT/Q1KjTWctppgIAgfSO0tKVuZUjhgMr17kqTumMl6Afv3EISleU7qZUzoXDFTAHTDC4NOoG/ZxU3EvlMPQ=="
    },
    "iconv-lite": {
      "version": "0.4.24",
      "resolved": "http://192.168.20.8:802/iconv-lite/-/iconv-lite-0.4.24.tgz",
      "integrity": "sha512-v3MXnZAcvnywkTUEZomIActle7RXXeedOR31wwl7VlyoXO4Qi9arvSenNQWne1TcRwhCL1HwLI21bEqdpj8/rA==",
      "requires": {
        "safer-buffer": ">= 2.1.2 < 3"
      }
    },
    "inquirer": {
      "version": "7.1.0",
      "resolved": "http://192.168.20.8:802/inquirer/-/inquirer-7.1.0.tgz",
      "integrity": "sha1-EpigGFmIPhfHJkuChwrhA0+S3Sk=",
      "requires": {
        "ansi-escapes": "^4.2.1",
        "chalk": "^3.0.0",
        "cli-cursor": "^3.1.0",
        "cli-width": "^2.0.0",
        "external-editor": "^3.0.3",
        "figures": "^3.0.0",
        "lodash": "^4.17.15",
        "mute-stream": "0.0.8",
        "run-async": "^2.4.0",
        "rxjs": "^6.5.3",
        "string-width": "^4.1.0",
        "strip-ansi": "^6.0.0",
        "through": "^2.3.6"
      }
    },
    "is-fullwidth-code-point": {
      "version": "3.0.0",
      "resolved": "http://192.168.20.8:802/is-fullwidth-code-point/-/is-fullwidth-code-point-3.0.0.tgz",
      "integrity": "sha512-zymm5+u+sCsSWyD9qNaejV3DFvhCKclKdizYaJUuHA83RLjb7nSuGnddCHGv0hk+KY7BMAlsWeK4Ueg6EV6XQg=="
    },
    "is-promise": {
      "version": "2.1.0",
      "resolved": "http://192.168.20.8:802/is-promise/-/is-promise-2.1.0.tgz",
      "integrity": "sha1-eaKp7OfwlugPNtKy87wWwf9L8/o="
    },
    "lodash": {
      "version": "4.17.15",
      "resolved": "http://192.168.20.8:802/lodash/-/lodash-4.17.15.tgz",
      "integrity": "sha512-8xOcRHvCjnocdS5cpwXQXVzmmh5e5+saE2QGoeQmbKmRS6J3VQppPOIt0MnmE+4xlZoumy0GPG0D0MVIQbNA1A=="
    },
    "mimic-fn": {
      "version": "2.1.0",
      "resolved": "http://192.168.20.8:802/mimic-fn/-/mimic-fn-2.1.0.tgz",
      "integrity": "sha512-OqbOk5oEQeAZ8WXWydlu9HJjz9WVdEIvamMCcXmuqUYjTknH/sqsWvhQ3vgwKFRR1HpjvNBKQ37nbJgYzGqGcg=="
    },
    "mute-stream": {
      "version": "0.0.8",
      "resolved": "http://192.168.20.8:802/mute-stream/-/mute-stream-0.0.8.tgz",
      "integrity": "sha512-nnbWWOkoWyUsTjKrhgD0dcz22mdkSnpYqbEjIm2nhwhuxlSkpywJmBo8h0ZqJdkp73mb90SssHkN4rsRaBAfAA=="
    },
    "onetime": {
      "version": "5.1.0",
      "resolved": "http://192.168.20.8:802/onetime/-/onetime-5.1.0.tgz",
      "integrity": "sha512-5NcSkPHhwTVFIQN+TUqXoS5+dlElHXdpAWu9I0HP20YOtIi+aZ0Ct82jdlILDxjLEAWwvm+qj1m6aEtsDVmm6Q==",
      "requires": {
        "mimic-fn": "^2.1.0"
      }
    },
    "os-tmpdir": {
      "version": "1.0.2",
      "resolved": "http://192.168.20.8:802/os-tmpdir/-/os-tmpdir-1.0.2.tgz",
      "integrity": "sha1-u+Z0BseaqFxc/sdm/lc0VV36EnQ="
    },
    "restore-cursor": {
      "version": "3.1.0",
      "resolved": "http://192.168.20.8:802/restore-cursor/-/restore-cursor-3.1.0.tgz",
      "integrity": "sha512-l+sSefzHpj5qimhFSE5a8nufZYAM3sBSVMAPtYkmC+4EH2anSGaEMXSD0izRQbu9nfyQ9y5JrVmp7E8oZrUjvA==",
      "requires": {
        "onetime": "^5.1.0",
        "signal-exit": "^3.0.2"
      }
    },
    "run-async": {
      "version": "2.4.0",
      "resolved": "http://192.168.20.8:802/run-async/-/run-async-2.4.0.tgz",
      "integrity": "sha1-5ZBUpbhods+uB/Qx0Yy63cWU8eg=",
      "requires": {
        "is-promise": "^2.1.0"
      }
    },
    "rxjs": {
      "version": "6.5.5",
      "resolved": "http://192.168.20.8:802/rxjs/-/rxjs-6.5.5.tgz",
      "integrity": "sha1-xciE4wlMjP7jG/J+uH5UzPyH+ew=",
      "requires": {
        "tslib": "^1.9.0"
      }
    },
    "safer-buffer": {
      "version": "2.1.2",
      "resolved": "http://192.168.20.8:802/safer-buffer/-/safer-buffer-2.1.2.tgz",
      "integrity": "sha512-YZo3K82SD7Riyi0E1EQPojLz7kpepnSQI9IyPbHHg1XXXevb5dJI7tpyN2ADxGcQbHG7vcyRHk0cbwqcQriUtg=="
    },
    "signal-exit": {
      "version": "3.0.3",
      "resolved": "http://192.168.20.8:802/signal-exit/-/signal-exit-3.0.3.tgz",
      "integrity": "sha1-oUEMLt2PB3sItOJTyOrPyvBXRhw="
    },
    "string-width": {
      "version": "4.2.0",
      "resolved": "http://192.168.20.8:802/string-width/-/string-width-4.2.0.tgz",
      "integrity": "sha1-lSGCxGzHssMT0VluYjmSvRY7crU=",
      "requires": {
        "emoji-regex": "^8.0.0",
        "is-fullwidth-code-point": "^3.0.0",
        "strip-ansi": "^6.0.0"
      }
    },
    "strip-ansi": {
      "version": "6.0.0",
      "resolved": "http://192.168.20.8:802/strip-ansi/-/strip-ansi-6.0.0.tgz",
      "integrity": "sha1-CxVx3XZpzNTz4G4U7x7tJiJa5TI=",
      "requires": {
        "ansi-regex": "^5.0.0"
      }
    },
    "supports-color": {
      "version": "7.1.0",
      "resolved": "http://192.168.20.8:802/supports-color/-/supports-color-7.1.0.tgz",
      "integrity": "sha1-aOMlkd9z4lrRxLSRCKLsUHliv9E=",
      "requires": {
        "has-flag": "^4.0.0"
      }
    },
    "through": {
      "version": "2.3.8",
      "resolved": "http://192.168.20.8:802/through/-/through-2.3.8.tgz",
      "integrity": "sha1-DdTJ/6q8NXlgsbckEV1+Doai4fU="
    },
    "tmp": {
      "version": "0.0.33",
      "resolved": "http://192.168.20.8:802/tmp/-/tmp-0.0.33.tgz",
      "integrity": "sha512-jRCJlojKnZ3addtTOjdIqoRuPEKBvNXcGYqzO6zWZX8KfKEpnGY5jfggJQ3EjKuu8D4bJRr0y+cYJFmYbImXGw==",
      "requires": {
        "os-tmpdir": "~1.0.2"
      }
    },
    "tslib": {
      "version": "1.11.1",
      "resolved": "http://192.168.20.8:802/tslib/-/tslib-1.11.1.tgz",
      "integrity": "sha1-6xXRKIJ/vuKEFUnhcfRe0zisfjU="
    },
    "type-fest": {
      "version": "0.11.0",
      "resolved": "http://192.168.20.8:802/type-fest/-/type-fest-0.11.0.tgz",
      "integrity": "sha1-l6vwhyMQ/tiKXEZrJWgVdhReM/E="
    }
  }
}
